
Microsoft Visual Studio Solution File, Format Version 12.00
# Visual Studio Version 17
VisualStudioVersion = 17.13.35828.75 d17.13
MinimumVisualStudioVersion = 10.0.40219.1
Project("{FAE04EC0-301F-11D3-BF4B-00C04F79EFBC}") = "HonMain", "HonMain\HonMain.csproj", "{FFD20D29-89C7-40FA-99B7-A012213AD2E8}"
EndProject
Global
	GlobalSection(SolutionConfigurationPlatforms) = preSolution
		Debug|Any CPU = Debug|Any CPU
		Release|Any CPU = Release|Any CPU
	EndGlobalSection
	GlobalSection(ProjectConfigurationPlatforms) = postSolution
		{FFD20D29-89C7-40FA-99B7-A012213AD2E8}.Debug|Any CPU.ActiveCfg = Debug|Any CPU
		{FFD20D29-89C7-40FA-99B7-A012213AD2E8}.Debug|Any CPU.Build.0 = Debug|Any CPU
		{FFD20D29-89C7-40FA-99B7-A012213AD2E8}.Release|Any CPU.ActiveCfg = Release|Any CPU
		{FFD20D29-89C7-40FA-99B7-A012213AD2E8}.Release|Any CPU.Build.0 = Release|Any CPU
	EndGlobalSection
	GlobalSection(SolutionProperties) = preSolution
		HideSolutionNode = FALSE
	EndGlobalSection
	GlobalSection(ExtensibilityGlobals) = postSolution
		SolutionGuid = {A8A9970E-39B3-4F0F-99F9-27CA0CC4D2FF}
	EndGlobalSection
EndGlobal
